
Microsoft Visual Studio Solution File, Format Version 12.00
# Visual Studio Version 17
VisualStudioVersion = 17.11.35327.3
MinimumVisualStudioVersion = 10.0.40219.1
Project("{8BC9CEB8-8B4A-11D0-8D11-00A0C91BC942}") = "MLM_UnitTests", "MLM_UnitTests.vcxproj", "{8980284D-196D-4BE7-9998-C0E0CCF47455}"
EndProject
Global
	GlobalSection(SolutionConfigurationPlatforms) = preSolution
		Debug|x64 = Debug|x64
		Debug|x86 = Debug|x86
		Release|x64 = Release|x64
		Release|x86 = Release|x86
	EndGlobalSection
	GlobalSection(ProjectConfigurationPlatforms) = postSolution
		{8980284D-196D-4BE7-9998-C0E0CCF47455}.Debug|x64.ActiveCfg = Debug|x64
		{8980284D-196D-4BE7-9998-C0E0CCF47455}.Debug|x64.Build.0 = Debug|x64
		{8980284D-196D-4BE7-9998-C0E0CCF47455}.Debug|x86.ActiveCfg = Debug|Win32
		{8980284D-196D-4BE7-9998-C0E0CCF47455}.Debug|x86.Build.0 = Debug|Win32
		{8980284D-196D-4BE7-9998-C0E0CCF47455}.Release|x64.ActiveCfg = Release|x64
		{8980284D-196D-4BE7-9998-C0E0CCF47455}.Release|x64.Build.0 = Release|x64
		{8980284D-196D-4BE7-9998-C0E0CCF47455}.Release|x86.ActiveCfg = Release|Win32
		{8980284D-196D-4BE7-9998-C0E0CCF47455}.Release|x86.Build.0 = Release|Win32
	EndGlobalSection
	GlobalSection(SolutionProperties) = preSolution
		HideSolutionNode = FALSE
	EndGlobalSection
	GlobalSection(ExtensibilityGlobals) = postSolution
		SolutionGuid = {90940BA6-60E7-45AB-8C97-1FE679FDCB71}
	EndGlobalSection
EndGlobal
